{
  "name": "try-1",
  "version": "0.0.0",
  "lockfileVersion": 1,
  "requires": true,
  "dependencies": {
    "ngx-image-cropper": {
      "version": "0.2.2",
      "resolved": "https://registry.npmjs.org/ngx-image-cropper/-/ngx-image-cropper-0.2.2.tgz",
      "integrity": "sha512-uEVa4DhlpW9gHvTJtRgoRJar7mCySt9w5yOuetKi1G62qEB7/o6/8Nb9RwOrvwh0rqD7b6MSQfSfAL32+5/VhQ=="
    }
  }
}
